
Microsoft Visual Studio Solution File, Format Version 12.00
# Visual Studio Version 17
VisualStudioVersion = 17.10.35013.160
MinimumVisualStudioVersion = 10.0.40219.1
Project("{FAE04EC0-301F-11D3-BF4B-00C04F79EFBC}") = "TruckPlan.Api", "TruckPlan\TruckPlan.Api.csproj", "{C6ABDC63-72D9-4E8D-8FEE-732E6EF28293}"
EndProject
Project("{FAE04EC0-301F-11D3-BF4B-00C04F79EFBC}") = "TruckPlan.Utility", "TruckPlan.Utility\TruckPlan.Utility.csproj", "{BC353447-5521-49C4-9ADE-223585F665FE}"
EndProject
Global
	GlobalSection(SolutionConfigurationPlatforms) = preSolution
		Debug|Any CPU = Debug|Any CPU
		Release|Any CPU = Release|Any CPU
	EndGlobalSection
	GlobalSection(ProjectConfigurationPlatforms) = postSolution
		{C6ABDC63-72D9-4E8D-8FEE-732E6EF28293}.Debug|Any CPU.ActiveCfg = Debug|Any CPU
		{C6ABDC63-72D9-4E8D-8FEE-732E6EF28293}.Debug|Any CPU.Build.0 = Debug|Any CPU
		{C6ABDC63-72D9-4E8D-8FEE-732E6EF28293}.Release|Any CPU.ActiveCfg = Release|Any CPU
		{C6ABDC63-72D9-4E8D-8FEE-732E6EF28293}.Release|Any CPU.Build.0 = Release|Any CPU
		{BC353447-5521-49C4-9ADE-223585F665FE}.Debug|Any CPU.ActiveCfg = Debug|Any CPU
		{BC353447-5521-49C4-9ADE-223585F665FE}.Debug|Any CPU.Build.0 = Debug|Any CPU
		{BC353447-5521-49C4-9ADE-223585F665FE}.Release|Any CPU.ActiveCfg = Release|Any CPU
		{BC353447-5521-49C4-9ADE-223585F665FE}.Release|Any CPU.Build.0 = Release|Any CPU
	EndGlobalSection
	GlobalSection(SolutionProperties) = preSolution
		HideSolutionNode = FALSE
	EndGlobalSection
	GlobalSection(ExtensibilityGlobals) = postSolution
		SolutionGuid = {B61C9755-F9D6-4CEF-BE9D-1E069ACBEEC9}
	EndGlobalSection
EndGlobal
